
Microsoft Visual Studio Solution File, Format Version 12.00
# Visual Studio 14
VisualStudioVersion = 14.0.25420.1
MinimumVisualStudioVersion = 10.0.40219.1
Project("{FAE04EC0-301F-11D3-BF4B-00C04F79EFBC}") = "Foo Enterprises", "Foo Enterprises\Foo Enterprises.csproj", "{D0FF6256-8C89-4CCE-AB70-5D866B8573CC}"
EndProject
Project("{FAE04EC0-301F-11D3-BF4B-00C04F79EFBC}") = "FooLayers", "FooLayers\FooLayers.csproj", "{A9B83673-5415-4D64-AE6F-B9C5C2C22BCF}"
EndProject
Global
	GlobalSection(SolutionConfigurationPlatforms) = preSolution
		Debug|Any CPU = Debug|Any CPU
		Release|Any CPU = Release|Any CPU
	EndGlobalSection
	GlobalSection(ProjectConfigurationPlatforms) = postSolution
		{D0FF6256-8C89-4CCE-AB70-5D866B8573CC}.Debug|Any CPU.ActiveCfg = Debug|Any CPU
		{D0FF6256-8C89-4CCE-AB70-5D866B8573CC}.Debug|Any CPU.Build.0 = Debug|Any CPU
		{D0FF6256-8C89-4CCE-AB70-5D866B8573CC}.Release|Any CPU.ActiveCfg = Release|Any CPU
		{D0FF6256-8C89-4CCE-AB70-5D866B8573CC}.Release|Any CPU.Build.0 = Release|Any CPU
		{A9B83673-5415-4D64-AE6F-B9C5C2C22BCF}.Debug|Any CPU.ActiveCfg = Debug|Any CPU
		{A9B83673-5415-4D64-AE6F-B9C5C2C22BCF}.Debug|Any CPU.Build.0 = Debug|Any CPU
		{A9B83673-5415-4D64-AE6F-B9C5C2C22BCF}.Release|Any CPU.ActiveCfg = Release|Any CPU
		{A9B83673-5415-4D64-AE6F-B9C5C2C22BCF}.Release|Any CPU.Build.0 = Release|Any CPU
	EndGlobalSection
	GlobalSection(SolutionProperties) = preSolution
		HideSolutionNode = FALSE
	EndGlobalSection
EndGlobal
